
Microsoft Visual Studio Solution File, Format Version 12.00
# Visual Studio 15
VisualStudioVersion = 15.0.28307.329
MinimumVisualStudioVersion = 10.0.40219.1
Project("{9A19103F-16F7-4668-BE54-9A1E7A4F7556}") = "HostOcean.Api", "HostOcean.Api\HostOcean.Api.csproj", "{ACC577D2-87A0-46DB-A360-A73CE4C4B6CC}"
EndProject
Project("{9A19103F-16F7-4668-BE54-9A1E7A4F7556}") = "HostOcean.IntegrationTests", "HostOcean.Tests\HostOcean.IntegrationTests\HostOcean.IntegrationTests.csproj", "{8A7911E4-EFC7-498A-8274-28D3B8395465}"
EndProject
Project("{FAE04EC0-301F-11D3-BF4B-00C04F79EFBC}") = "HostOcean.UnitTests", "HostOcean.UnitTests\HostOcean.UnitTests.csproj", "{2848419E-3E8D-4474-BE33-18D3FA2FF823}"
EndProject
Global
	GlobalSection(SolutionConfigurationPlatforms) = preSolution
		Debug|Any CPU = Debug|Any CPU
		Release|Any CPU = Release|Any CPU
	EndGlobalSection
	GlobalSection(ProjectConfigurationPlatforms) = postSolution
		{ACC577D2-87A0-46DB-A360-A73CE4C4B6CC}.Debug|Any CPU.ActiveCfg = Debug|Any CPU
		{ACC577D2-87A0-46DB-A360-A73CE4C4B6CC}.Debug|Any CPU.Build.0 = Debug|Any CPU
		{ACC577D2-87A0-46DB-A360-A73CE4C4B6CC}.Release|Any CPU.ActiveCfg = Release|Any CPU
		{ACC577D2-87A0-46DB-A360-A73CE4C4B6CC}.Release|Any CPU.Build.0 = Release|Any CPU
		{8A7911E4-EFC7-498A-8274-28D3B8395465}.Debug|Any CPU.ActiveCfg = Debug|Any CPU
		{8A7911E4-EFC7-498A-8274-28D3B8395465}.Debug|Any CPU.Build.0 = Debug|Any CPU
		{8A7911E4-EFC7-498A-8274-28D3B8395465}.Release|Any CPU.ActiveCfg = Release|Any CPU
		{8A7911E4-EFC7-498A-8274-28D3B8395465}.Release|Any CPU.Build.0 = Release|Any CPU
		{2848419E-3E8D-4474-BE33-18D3FA2FF823}.Debug|Any CPU.ActiveCfg = Debug|Any CPU
		{2848419E-3E8D-4474-BE33-18D3FA2FF823}.Debug|Any CPU.Build.0 = Debug|Any CPU
		{2848419E-3E8D-4474-BE33-18D3FA2FF823}.Release|Any CPU.ActiveCfg = Release|Any CPU
		{2848419E-3E8D-4474-BE33-18D3FA2FF823}.Release|Any CPU.Build.0 = Release|Any CPU
	EndGlobalSection
	GlobalSection(SolutionProperties) = preSolution
		HideSolutionNode = FALSE
	EndGlobalSection
	GlobalSection(ExtensibilityGlobals) = postSolution
		SolutionGuid = {036C16CF-0CCF-4D19-A9D3-5D406F2F8C4B}
	EndGlobalSection
EndGlobal
