
Microsoft Visual Studio Solution File, Format Version 12.00
# Visual Studio 15
VisualStudioVersion = 15.0.28307.329
MinimumVisualStudioVersion = 10.0.40219.1
Project("{9A19103F-16F7-4668-BE54-9A1E7A4F7556}") = "HostOcean.Api", "HostOcean.Api\HostOcean.Api.csproj", "{ACC577D2-87A0-46DB-A360-A73CE4C4B6CC}"
EndProject
Project("{9A19103F-16F7-4668-BE54-9A1E7A4F7556}") = "HostOcean.IntegrationTests", "HostOcean.Tests\HostOcean.IntegrationTests\HostOcean.IntegrationTests.csproj", "{8A7911E4-EFC7-498A-8274-28D3B8395465}"
EndProject
Project("{9A19103F-16F7-4668-BE54-9A1E7A4F7556}") = "HostOcean.UnitTests", "HostOcean.Tests\HostOcean.UnitTests\HostOcean.UnitTests.csproj", "{B62BA22F-2FC2-49F8-B1A2-ECF56BA942E4}"
EndProject
Project("{9A19103F-16F7-4668-BE54-9A1E7A4F7556}") = "HostOcean.Infrastructure", "HostOcean.Infrastructure\HostOcean.Infrastructure.csproj", "{3E898D2B-ACCE-4DD8-9740-B72E69C10214}"
EndProject
Project("{E53339B2-1760-4266-BCC7-CA923CBCF16C}") = "docker-compose", "docker-compose.dcproj", "{714F6688-8CE4-4866-9F48-302107EC6532}"
EndProject
Project("{9A19103F-16F7-4668-BE54-9A1E7A4F7556}") = "HostOcean.Domain", "HostOcean.Domain\HostOcean.Domain.csproj", "{D649F4B2-4855-4886-88C2-F966342371D9}"
EndProject
Project("{9A19103F-16F7-4668-BE54-9A1E7A4F7556}") = "HostOcean.Persistence", "HostOcean.Persistence\HostOcean.Persistence.csproj", "{2EDBA42A-9876-4AF6-AF8D-EC1439B5EE11}"
EndProject
Global
	GlobalSection(SolutionConfigurationPlatforms) = preSolution
		Debug|Any CPU = Debug|Any CPU
		Release|Any CPU = Release|Any CPU
	EndGlobalSection
	GlobalSection(ProjectConfigurationPlatforms) = postSolution
		{ACC577D2-87A0-46DB-A360-A73CE4C4B6CC}.Debug|Any CPU.ActiveCfg = Debug|Any CPU
		{ACC577D2-87A0-46DB-A360-A73CE4C4B6CC}.Debug|Any CPU.Build.0 = Debug|Any CPU
		{ACC577D2-87A0-46DB-A360-A73CE4C4B6CC}.Release|Any CPU.ActiveCfg = Release|Any CPU
		{ACC577D2-87A0-46DB-A360-A73CE4C4B6CC}.Release|Any CPU.Build.0 = Release|Any CPU
		{8A7911E4-EFC7-498A-8274-28D3B8395465}.Debug|Any CPU.ActiveCfg = Debug|Any CPU
		{8A7911E4-EFC7-498A-8274-28D3B8395465}.Debug|Any CPU.Build.0 = Debug|Any CPU
		{8A7911E4-EFC7-498A-8274-28D3B8395465}.Release|Any CPU.ActiveCfg = Release|Any CPU
		{8A7911E4-EFC7-498A-8274-28D3B8395465}.Release|Any CPU.Build.0 = Release|Any CPU
		{B62BA22F-2FC2-49F8-B1A2-ECF56BA942E4}.Debug|Any CPU.ActiveCfg = Debug|Any CPU
		{B62BA22F-2FC2-49F8-B1A2-ECF56BA942E4}.Debug|Any CPU.Build.0 = Debug|Any CPU
		{B62BA22F-2FC2-49F8-B1A2-ECF56BA942E4}.Release|Any CPU.ActiveCfg = Release|Any CPU
		{B62BA22F-2FC2-49F8-B1A2-ECF56BA942E4}.Release|Any CPU.Build.0 = Release|Any CPU
		{3E898D2B-ACCE-4DD8-9740-B72E69C10214}.Debug|Any CPU.ActiveCfg = Debug|Any CPU
		{3E898D2B-ACCE-4DD8-9740-B72E69C10214}.Debug|Any CPU.Build.0 = Debug|Any CPU
		{3E898D2B-ACCE-4DD8-9740-B72E69C10214}.Release|Any CPU.ActiveCfg = Release|Any CPU
		{3E898D2B-ACCE-4DD8-9740-B72E69C10214}.Release|Any CPU.Build.0 = Release|Any CPU
		{714F6688-8CE4-4866-9F48-302107EC6532}.Debug|Any CPU.ActiveCfg = Debug|Any CPU
		{714F6688-8CE4-4866-9F48-302107EC6532}.Debug|Any CPU.Build.0 = Debug|Any CPU
		{714F6688-8CE4-4866-9F48-302107EC6532}.Release|Any CPU.ActiveCfg = Release|Any CPU
		{714F6688-8CE4-4866-9F48-302107EC6532}.Release|Any CPU.Build.0 = Release|Any CPU
		{D649F4B2-4855-4886-88C2-F966342371D9}.Debug|Any CPU.ActiveCfg = Debug|Any CPU
		{D649F4B2-4855-4886-88C2-F966342371D9}.Debug|Any CPU.Build.0 = Debug|Any CPU
		{D649F4B2-4855-4886-88C2-F966342371D9}.Release|Any CPU.ActiveCfg = Release|Any CPU
		{D649F4B2-4855-4886-88C2-F966342371D9}.Release|Any CPU.Build.0 = Release|Any CPU
		{2EDBA42A-9876-4AF6-AF8D-EC1439B5EE11}.Debug|Any CPU.ActiveCfg = Debug|Any CPU
		{2EDBA42A-9876-4AF6-AF8D-EC1439B5EE11}.Debug|Any CPU.Build.0 = Debug|Any CPU
		{2EDBA42A-9876-4AF6-AF8D-EC1439B5EE11}.Release|Any CPU.ActiveCfg = Release|Any CPU
		{2EDBA42A-9876-4AF6-AF8D-EC1439B5EE11}.Release|Any CPU.Build.0 = Release|Any CPU
	EndGlobalSection
	GlobalSection(SolutionProperties) = preSolution
		HideSolutionNode = FALSE
	EndGlobalSection
	GlobalSection(ExtensibilityGlobals) = postSolution
		SolutionGuid = {036C16CF-0CCF-4D19-A9D3-5D406F2F8C4B}
	EndGlobalSection
EndGlobal
